
Microsoft Visual Studio Solution File, Format Version 12.00
# Visual Studio 15
Project("{FAE04EC0-301F-11D3-BF4B-00C04F79EFBC}") = "Assembly-CSharp-Editor", "Assembly-CSharp-Editor.csproj", "{0E3509C1-EE3B-AA86-F5E0-2EFA3ABCA52B}"
EndProject
Project("{FAE04EC0-301F-11D3-BF4B-00C04F79EFBC}") = "Assembly-CSharp", "Assembly-CSharp.csproj", "{80961CF6-9255-02EB-191D-55DECFEB5FEC}"
EndProject
Global
	GlobalSection(SolutionConfigurationPlatforms) = preSolution
		Debug|Any CPU = Debug|Any CPU
		Release|Any CPU = Release|Any CPU
	EndGlobalSection
	GlobalSection(ProjectConfigurationPlatforms) = postSolution
		{0E3509C1-EE3B-AA86-F5E0-2EFA3ABCA52B}.Debug|Any CPU.ActiveCfg = Debug|Any CPU
		{0E3509C1-EE3B-AA86-F5E0-2EFA3ABCA52B}.Debug|Any CPU.Build.0 = Debug|Any CPU
		{0E3509C1-EE3B-AA86-F5E0-2EFA3ABCA52B}.Release|Any CPU.ActiveCfg = Release|Any CPU
		{0E3509C1-EE3B-AA86-F5E0-2EFA3ABCA52B}.Release|Any CPU.Build.0 = Release|Any CPU
		{80961CF6-9255-02EB-191D-55DECFEB5FEC}.Debug|Any CPU.ActiveCfg = Debug|Any CPU
		{80961CF6-9255-02EB-191D-55DECFEB5FEC}.Debug|Any CPU.Build.0 = Debug|Any CPU
		{80961CF6-9255-02EB-191D-55DECFEB5FEC}.Release|Any CPU.ActiveCfg = Release|Any CPU
		{80961CF6-9255-02EB-191D-55DECFEB5FEC}.Release|Any CPU.Build.0 = Release|Any CPU
	EndGlobalSection
	GlobalSection(SolutionProperties) = preSolution
		HideSolutionNode = FALSE
	EndGlobalSection
EndGlobal
